
Microsoft Visual Studio Solution File, Format Version 12.00
# Visual Studio Version 17
VisualStudioVersion = 17.7.34221.43
MinimumVisualStudioVersion = 10.0.40219.1
Project("{FAE04EC0-301F-11D3-BF4B-00C04F79EFBC}") = "WindowLibrary", "WindowLibrary\WindowLibrary.csproj", "{DDA650DC-0824-400A-8435-CA655D5E984F}"
EndProject
Project("{FAE04EC0-301F-11D3-BF4B-00C04F79EFBC}") = "UnitTestProject1", "UnitTestProject1\UnitTestProject1.csproj", "{2951D10F-2A36-4DE6-AB6B-8921FA6939B1}"
EndProject
Global
	GlobalSection(SolutionConfigurationPlatforms) = preSolution
		Debug|Any CPU = Debug|Any CPU
		Release|Any CPU = Release|Any CPU
	EndGlobalSection
	GlobalSection(ProjectConfigurationPlatforms) = postSolution
		{DDA650DC-0824-400A-8435-CA655D5E984F}.Debug|Any CPU.ActiveCfg = Debug|Any CPU
		{DDA650DC-0824-400A-8435-CA655D5E984F}.Debug|Any CPU.Build.0 = Debug|Any CPU
		{DDA650DC-0824-400A-8435-CA655D5E984F}.Release|Any CPU.ActiveCfg = Release|Any CPU
		{DDA650DC-0824-400A-8435-CA655D5E984F}.Release|Any CPU.Build.0 = Release|Any CPU
		{2951D10F-2A36-4DE6-AB6B-8921FA6939B1}.Debug|Any CPU.ActiveCfg = Debug|Any CPU
		{2951D10F-2A36-4DE6-AB6B-8921FA6939B1}.Debug|Any CPU.Build.0 = Debug|Any CPU
		{2951D10F-2A36-4DE6-AB6B-8921FA6939B1}.Release|Any CPU.ActiveCfg = Release|Any CPU
		{2951D10F-2A36-4DE6-AB6B-8921FA6939B1}.Release|Any CPU.Build.0 = Release|Any CPU
	EndGlobalSection
	GlobalSection(SolutionProperties) = preSolution
		HideSolutionNode = FALSE
	EndGlobalSection
	GlobalSection(ExtensibilityGlobals) = postSolution
		SolutionGuid = {A737C52D-B995-411B-86F4-35F3124F783E}
	EndGlobalSection
EndGlobal
