
Microsoft Visual Studio Solution File, Format Version 12.00
# Visual Studio Version 17
VisualStudioVersion = 17.7.34221.43
MinimumVisualStudioVersion = 10.0.40219.1
Project("{FAE04EC0-301F-11D3-BF4B-00C04F79EFBC}") = "Section3.13", "Section3.13\Section3.13.csproj", "{D956F905-B491-4FCF-B9FA-356EDD7773E9}"
EndProject
Global
	GlobalSection(SolutionConfigurationPlatforms) = preSolution
		Debug|Any CPU = Debug|Any CPU
		Release|Any CPU = Release|Any CPU
	EndGlobalSection
	GlobalSection(ProjectConfigurationPlatforms) = postSolution
		{D956F905-B491-4FCF-B9FA-356EDD7773E9}.Debug|Any CPU.ActiveCfg = Debug|Any CPU
		{D956F905-B491-4FCF-B9FA-356EDD7773E9}.Debug|Any CPU.Build.0 = Debug|Any CPU
		{D956F905-B491-4FCF-B9FA-356EDD7773E9}.Release|Any CPU.ActiveCfg = Release|Any CPU
		{D956F905-B491-4FCF-B9FA-356EDD7773E9}.Release|Any CPU.Build.0 = Release|Any CPU
	EndGlobalSection
	GlobalSection(SolutionProperties) = preSolution
		HideSolutionNode = FALSE
	EndGlobalSection
	GlobalSection(ExtensibilityGlobals) = postSolution
		SolutionGuid = {37519EBE-C3E7-4669-9B27-4DAEC920F643}
	EndGlobalSection
EndGlobal
