
Microsoft Visual Studio Solution File, Format Version 12.00
# Visual Studio Version 17
VisualStudioVersion = 17.7.34221.43
MinimumVisualStudioVersion = 10.0.40219.1
Project("{FAE04EC0-301F-11D3-BF4B-00C04F79EFBC}") = "Section2.38", "Section2.38\Section2.38.csproj", "{064DFF26-6F92-45FD-B8E9-016CDA82EF08}"
EndProject
Global
	GlobalSection(SolutionConfigurationPlatforms) = preSolution
		Debug|Any CPU = Debug|Any CPU
		Release|Any CPU = Release|Any CPU
	EndGlobalSection
	GlobalSection(ProjectConfigurationPlatforms) = postSolution
		{064DFF26-6F92-45FD-B8E9-016CDA82EF08}.Debug|Any CPU.ActiveCfg = Debug|Any CPU
		{064DFF26-6F92-45FD-B8E9-016CDA82EF08}.Debug|Any CPU.Build.0 = Debug|Any CPU
		{064DFF26-6F92-45FD-B8E9-016CDA82EF08}.Release|Any CPU.ActiveCfg = Release|Any CPU
		{064DFF26-6F92-45FD-B8E9-016CDA82EF08}.Release|Any CPU.Build.0 = Release|Any CPU
	EndGlobalSection
	GlobalSection(SolutionProperties) = preSolution
		HideSolutionNode = FALSE
	EndGlobalSection
	GlobalSection(ExtensibilityGlobals) = postSolution
		SolutionGuid = {15CF2FD6-7A49-4D72-8969-A060153E0B0A}
	EndGlobalSection
EndGlobal
