
Microsoft Visual Studio Solution File, Format Version 12.00
# Visual Studio Version 17
VisualStudioVersion = 17.7.34221.43
MinimumVisualStudioVersion = 10.0.40219.1
Project("{FAE04EC0-301F-11D3-BF4B-00C04F79EFBC}") = "Section2_10", "Section2_10\Section2_10.csproj", "{15A0DE1F-0C14-4C86-99D4-A0C962121640}"
EndProject
Global
	GlobalSection(SolutionConfigurationPlatforms) = preSolution
		Debug|Any CPU = Debug|Any CPU
		Release|Any CPU = Release|Any CPU
	EndGlobalSection
	GlobalSection(ProjectConfigurationPlatforms) = postSolution
		{15A0DE1F-0C14-4C86-99D4-A0C962121640}.Debug|Any CPU.ActiveCfg = Debug|Any CPU
		{15A0DE1F-0C14-4C86-99D4-A0C962121640}.Debug|Any CPU.Build.0 = Debug|Any CPU
		{15A0DE1F-0C14-4C86-99D4-A0C962121640}.Release|Any CPU.ActiveCfg = Release|Any CPU
		{15A0DE1F-0C14-4C86-99D4-A0C962121640}.Release|Any CPU.Build.0 = Release|Any CPU
	EndGlobalSection
	GlobalSection(SolutionProperties) = preSolution
		HideSolutionNode = FALSE
	EndGlobalSection
	GlobalSection(ExtensibilityGlobals) = postSolution
		SolutionGuid = {7740C5B6-765E-4223-BC72-5626DD70FCE3}
	EndGlobalSection
EndGlobal
