
Microsoft Visual Studio Solution File, Format Version 12.00
# Visual Studio Version 17
VisualStudioVersion = 17.7.34221.43
MinimumVisualStudioVersion = 10.0.40219.1
Project("{FAE04EC0-301F-11D3-BF4B-00C04F79EFBC}") = "Section2_22", "Section2_22\Section2_22.csproj", "{B5796476-DC3F-40F7-BB84-B730B11C26EA}"
EndProject
Global
	GlobalSection(SolutionConfigurationPlatforms) = preSolution
		Debug|Any CPU = Debug|Any CPU
		Release|Any CPU = Release|Any CPU
	EndGlobalSection
	GlobalSection(ProjectConfigurationPlatforms) = postSolution
		{B5796476-DC3F-40F7-BB84-B730B11C26EA}.Debug|Any CPU.ActiveCfg = Debug|Any CPU
		{B5796476-DC3F-40F7-BB84-B730B11C26EA}.Debug|Any CPU.Build.0 = Debug|Any CPU
		{B5796476-DC3F-40F7-BB84-B730B11C26EA}.Release|Any CPU.ActiveCfg = Release|Any CPU
		{B5796476-DC3F-40F7-BB84-B730B11C26EA}.Release|Any CPU.Build.0 = Release|Any CPU
	EndGlobalSection
	GlobalSection(SolutionProperties) = preSolution
		HideSolutionNode = FALSE
	EndGlobalSection
	GlobalSection(ExtensibilityGlobals) = postSolution
		SolutionGuid = {3A3876D5-7C75-4D4D-B1AC-AC0DE8A45EF2}
	EndGlobalSection
EndGlobal
