
Microsoft Visual Studio Solution File, Format Version 12.00
# Visual Studio Version 17
VisualStudioVersion = 17.7.34221.43
MinimumVisualStudioVersion = 10.0.40219.1
Project("{FAE04EC0-301F-11D3-BF4B-00C04F79EFBC}") = "Section3.10", "Section3.10\Section3.10.csproj", "{7A77D007-B8DE-4371-A3CA-6F95A22BEF04}"
EndProject
Global
	GlobalSection(SolutionConfigurationPlatforms) = preSolution
		Debug|Any CPU = Debug|Any CPU
		Release|Any CPU = Release|Any CPU
	EndGlobalSection
	GlobalSection(ProjectConfigurationPlatforms) = postSolution
		{7A77D007-B8DE-4371-A3CA-6F95A22BEF04}.Debug|Any CPU.ActiveCfg = Debug|Any CPU
		{7A77D007-B8DE-4371-A3CA-6F95A22BEF04}.Debug|Any CPU.Build.0 = Debug|Any CPU
		{7A77D007-B8DE-4371-A3CA-6F95A22BEF04}.Release|Any CPU.ActiveCfg = Release|Any CPU
		{7A77D007-B8DE-4371-A3CA-6F95A22BEF04}.Release|Any CPU.Build.0 = Release|Any CPU
	EndGlobalSection
	GlobalSection(SolutionProperties) = preSolution
		HideSolutionNode = FALSE
	EndGlobalSection
	GlobalSection(ExtensibilityGlobals) = postSolution
		SolutionGuid = {BFFA113B-953B-48B6-B379-5EA99730DDD1}
	EndGlobalSection
EndGlobal
