
Microsoft Visual Studio Solution File, Format Version 12.00
# Visual Studio Version 17
VisualStudioVersion = 17.7.34221.43
MinimumVisualStudioVersion = 10.0.40219.1
Project("{FAE04EC0-301F-11D3-BF4B-00C04F79EFBC}") = "sectionn5.5", "sectionn5.5\sectionn5.5.csproj", "{95E9E2D5-7496-41FA-BDD6-75700ABCBD98}"
EndProject
Global
	GlobalSection(SolutionConfigurationPlatforms) = preSolution
		Debug|Any CPU = Debug|Any CPU
		Release|Any CPU = Release|Any CPU
	EndGlobalSection
	GlobalSection(ProjectConfigurationPlatforms) = postSolution
		{95E9E2D5-7496-41FA-BDD6-75700ABCBD98}.Debug|Any CPU.ActiveCfg = Debug|Any CPU
		{95E9E2D5-7496-41FA-BDD6-75700ABCBD98}.Debug|Any CPU.Build.0 = Debug|Any CPU
		{95E9E2D5-7496-41FA-BDD6-75700ABCBD98}.Release|Any CPU.ActiveCfg = Release|Any CPU
		{95E9E2D5-7496-41FA-BDD6-75700ABCBD98}.Release|Any CPU.Build.0 = Release|Any CPU
	EndGlobalSection
	GlobalSection(SolutionProperties) = preSolution
		HideSolutionNode = FALSE
	EndGlobalSection
	GlobalSection(ExtensibilityGlobals) = postSolution
		SolutionGuid = {876FF49E-0223-4754-AD8F-3C69185E7F94}
	EndGlobalSection
EndGlobal
