
Microsoft Visual Studio Solution File, Format Version 12.00
# Visual Studio Version 17
VisualStudioVersion = 17.7.34221.43
MinimumVisualStudioVersion = 10.0.40219.1
Project("{FAE04EC0-301F-11D3-BF4B-00C04F79EFBC}") = "HtmlForms", "HtmlForms\HtmlForms.csproj", "{B783765F-C3B4-4360-86DE-80B6D72B7D0C}"
EndProject
Global
	GlobalSection(SolutionConfigurationPlatforms) = preSolution
		Debug|Any CPU = Debug|Any CPU
		Release|Any CPU = Release|Any CPU
	EndGlobalSection
	GlobalSection(ProjectConfigurationPlatforms) = postSolution
		{B783765F-C3B4-4360-86DE-80B6D72B7D0C}.Debug|Any CPU.ActiveCfg = Debug|Any CPU
		{B783765F-C3B4-4360-86DE-80B6D72B7D0C}.Debug|Any CPU.Build.0 = Debug|Any CPU
		{B783765F-C3B4-4360-86DE-80B6D72B7D0C}.Release|Any CPU.ActiveCfg = Release|Any CPU
		{B783765F-C3B4-4360-86DE-80B6D72B7D0C}.Release|Any CPU.Build.0 = Release|Any CPU
	EndGlobalSection
	GlobalSection(SolutionProperties) = preSolution
		HideSolutionNode = FALSE
	EndGlobalSection
	GlobalSection(ExtensibilityGlobals) = postSolution
		SolutionGuid = {1800B59B-DB09-4598-B285-210BB2135126}
	EndGlobalSection
EndGlobal
