
Microsoft Visual Studio Solution File, Format Version 12.00
# Visual Studio 15
VisualStudioVersion = 15.0.28307.1758
MinimumVisualStudioVersion = 10.0.40219.1
Project("{FAE04EC0-301F-11D3-BF4B-00C04F79EFBC}") = "Online Pizza", "Online Pizza\Online Pizza.csproj", "{67689130-D565-4941-92C3-6B8B4A69B777}"
EndProject
Global
	GlobalSection(SolutionConfigurationPlatforms) = preSolution
		Debug|Any CPU = Debug|Any CPU
		Release|Any CPU = Release|Any CPU
	EndGlobalSection
	GlobalSection(ProjectConfigurationPlatforms) = postSolution
		{67689130-D565-4941-92C3-6B8B4A69B777}.Debug|Any CPU.ActiveCfg = Debug|Any CPU
		{67689130-D565-4941-92C3-6B8B4A69B777}.Debug|Any CPU.Build.0 = Debug|Any CPU
		{67689130-D565-4941-92C3-6B8B4A69B777}.Release|Any CPU.ActiveCfg = Release|Any CPU
		{67689130-D565-4941-92C3-6B8B4A69B777}.Release|Any CPU.Build.0 = Release|Any CPU
	EndGlobalSection
	GlobalSection(SolutionProperties) = preSolution
		HideSolutionNode = FALSE
	EndGlobalSection
	GlobalSection(ExtensibilityGlobals) = postSolution
		SolutionGuid = {A6B50A4C-F203-403A-A6AC-8B23F9061DDE}
	EndGlobalSection
EndGlobal
