
Microsoft Visual Studio Solution File, Format Version 12.00
# Visual Studio Version 17
VisualStudioVersion = 17.7.34221.43
MinimumVisualStudioVersion = 10.0.40219.1
Project("{FAE04EC0-301F-11D3-BF4B-00C04F79EFBC}") = "Section3.9", "Section3.9\Section3.9.csproj", "{1D5E5E62-B674-48EC-BC50-7647491DC8E6}"
EndProject
Global
	GlobalSection(SolutionConfigurationPlatforms) = preSolution
		Debug|Any CPU = Debug|Any CPU
		Release|Any CPU = Release|Any CPU
	EndGlobalSection
	GlobalSection(ProjectConfigurationPlatforms) = postSolution
		{1D5E5E62-B674-48EC-BC50-7647491DC8E6}.Debug|Any CPU.ActiveCfg = Debug|Any CPU
		{1D5E5E62-B674-48EC-BC50-7647491DC8E6}.Debug|Any CPU.Build.0 = Debug|Any CPU
		{1D5E5E62-B674-48EC-BC50-7647491DC8E6}.Release|Any CPU.ActiveCfg = Release|Any CPU
		{1D5E5E62-B674-48EC-BC50-7647491DC8E6}.Release|Any CPU.Build.0 = Release|Any CPU
	EndGlobalSection
	GlobalSection(SolutionProperties) = preSolution
		HideSolutionNode = FALSE
	EndGlobalSection
	GlobalSection(ExtensibilityGlobals) = postSolution
		SolutionGuid = {BBF39C15-2C37-4907-8DCB-C7BA4A4E344B}
	EndGlobalSection
EndGlobal
