
Microsoft Visual Studio Solution File, Format Version 12.00
# Visual Studio Version 17
VisualStudioVersion = 17.7.34221.43
MinimumVisualStudioVersion = 10.0.40219.1
Project("{FAE04EC0-301F-11D3-BF4B-00C04F79EFBC}") = "Section2.3", "Section2.3\Section2.3.csproj", "{9D0E9CCA-BDD2-48AF-8707-DE986E9EECE8}"
EndProject
Global
	GlobalSection(SolutionConfigurationPlatforms) = preSolution
		Debug|Any CPU = Debug|Any CPU
		Release|Any CPU = Release|Any CPU
	EndGlobalSection
	GlobalSection(ProjectConfigurationPlatforms) = postSolution
		{9D0E9CCA-BDD2-48AF-8707-DE986E9EECE8}.Debug|Any CPU.ActiveCfg = Debug|Any CPU
		{9D0E9CCA-BDD2-48AF-8707-DE986E9EECE8}.Debug|Any CPU.Build.0 = Debug|Any CPU
		{9D0E9CCA-BDD2-48AF-8707-DE986E9EECE8}.Release|Any CPU.ActiveCfg = Release|Any CPU
		{9D0E9CCA-BDD2-48AF-8707-DE986E9EECE8}.Release|Any CPU.Build.0 = Release|Any CPU
	EndGlobalSection
	GlobalSection(SolutionProperties) = preSolution
		HideSolutionNode = FALSE
	EndGlobalSection
	GlobalSection(ExtensibilityGlobals) = postSolution
		SolutionGuid = {BD4E1F2E-79C3-4A78-863D-0D3306797FF1}
	EndGlobalSection
EndGlobal
